
Microsoft Visual Studio Solution File, Format Version 12.00
# Visual Studio Version 16
VisualStudioVersion = 16.0.31321.278
MinimumVisualStudioVersion = 10.0.40219.1
Project("{FAE04EC0-301F-11D3-BF4B-00C04F79EFBC}") = "UIMVVMbasedProject", "UIMVVMbasedProject\UIMVVMbasedProject.csproj", "{215D8355-5001-45D9-A92A-20B392AD11E9}"
EndProject
Global
	GlobalSection(SolutionConfigurationPlatforms) = preSolution
		Debug|Any CPU = Debug|Any CPU
		Release|Any CPU = Release|Any CPU
	EndGlobalSection
	GlobalSection(ProjectConfigurationPlatforms) = postSolution
		{215D8355-5001-45D9-A92A-20B392AD11E9}.Debug|Any CPU.ActiveCfg = Debug|Any CPU
		{215D8355-5001-45D9-A92A-20B392AD11E9}.Debug|Any CPU.Build.0 = Debug|Any CPU
		{215D8355-5001-45D9-A92A-20B392AD11E9}.Release|Any CPU.ActiveCfg = Release|Any CPU
		{215D8355-5001-45D9-A92A-20B392AD11E9}.Release|Any CPU.Build.0 = Release|Any CPU
	EndGlobalSection
	GlobalSection(SolutionProperties) = preSolution
		HideSolutionNode = FALSE
	EndGlobalSection
	GlobalSection(ExtensibilityGlobals) = postSolution
		SolutionGuid = {6A8E1FCA-705C-47A6-A4AE-14E21C9BB4E5}
	EndGlobalSection
EndGlobal
